
Microsoft Visual Studio Solution File, Format Version 12.00
# Visual Studio Version 17
VisualStudioVersion = 17.0.31903.59
MinimumVisualStudioVersion = 10.0.40219.1
Project("{2150E333-8FDC-42A3-9474-1A3956D46DE8}") = "src", "src", "{827E0CD3-B72D-47B6-A68D-7590B98EB39B}"
EndProject
Project("{FAE04EC0-301F-11D3-BF4B-00C04F79EFBC}") = "ContinuityBridge.Core", "src\ContinuityBridge.Core\ContinuityBridge.Core.csproj", "{7A187525-5E5B-458F-AF5B-C2F5B84C02D4}"
EndProject
Project("{FAE04EC0-301F-11D3-BF4B-00C04F79EFBC}") = "ContinuityBridge.Windows", "src\ContinuityBridge.Windows\ContinuityBridge.Windows.csproj", "{2C6C651F-99D1-44A6-AE0C-EE259857B975}"
EndProject
Project("{FAE04EC0-301F-11D3-BF4B-00C04F79EFBC}") = "ContinuityBridge.Api", "src\ContinuityBridge.Api\ContinuityBridge.Api.csproj", "{6956BC1B-D9C6-4E34-910B-D8F195A768BA}"
EndProject
Project("{FAE04EC0-301F-11D3-BF4B-00C04F79EFBC}") = "ContinuityBridge.App", "src\ContinuityBridge.App\ContinuityBridge.App.csproj", "{1188CD03-B024-4C68-BD3F-527B209F90C4}"
EndProject
Project("{2150E333-8FDC-42A3-9474-1A3956D46DE8}") = "tests", "tests", "{0AB3BF05-4346-4AA6-1389-037BE0695223}"
EndProject
Project("{FAE04EC0-301F-11D3-BF4B-00C04F79EFBC}") = "ContinuityBridge.Core.Tests", "tests\ContinuityBridge.Core.Tests\ContinuityBridge.Core.Tests.csproj", "{459874AE-DD66-4111-851A-9A50967970FB}"
EndProject
Project("{FAE04EC0-301F-11D3-BF4B-00C04F79EFBC}") = "ContinuityBridge.Api.Tests", "tests\ContinuityBridge.Api.Tests\ContinuityBridge.Api.Tests.csproj", "{03F0BA9F-E7AC-454E-87D3-0266A38079D3}"
EndProject
Project("{FAE04EC0-301F-11D3-BF4B-00C04F79EFBC}") = "ContinuityBridge.Windows.Tests", "tests\ContinuityBridge.Windows.Tests\ContinuityBridge.Windows.Tests.csproj", "{D5EC1554-E1C3-41DE-9057-BC1AE9F5FF26}"
EndProject
Project("{FAE04EC0-301F-11D3-BF4B-00C04F79EFBC}") = "ContinuityBridge.IntegrationTests", "tests\ContinuityBridge.IntegrationTests\ContinuityBridge.IntegrationTests.csproj", "{E52033BF-B39A-465E-9A3D-9CB067C1A8A6}"
EndProject
Project("{FAE04EC0-301F-11D3-BF4B-00C04F79EFBC}") = "ContinuityBridge.Contracts", "src\ContinuityBridge.Contracts\ContinuityBridge.Contracts.csproj", "{2FD4875D-5B30-4537-B59B-D6B07C239189}"
EndProject
Project("{FAE04EC0-301F-11D3-BF4B-00C04F79EFBC}") = "ContinuityBridge.Relay", "src\ContinuityBridge.Relay\ContinuityBridge.Relay.csproj", "{3E6D5D8E-B45F-4BFD-BD52-26FE35955CB1}"
EndProject
Project("{FAE04EC0-301F-11D3-BF4B-00C04F79EFBC}") = "ContinuityBridge.Relay.Tests", "tests\ContinuityBridge.Relay.Tests\ContinuityBridge.Relay.Tests.csproj", "{2010348A-C267-4078-B114-B759DA7F7C98}"
EndProject
Global
	GlobalSection(SolutionConfigurationPlatforms) = preSolution
		Debug|Any CPU = Debug|Any CPU
		Debug|x64 = Debug|x64
		Debug|x86 = Debug|x86
		Release|Any CPU = Release|Any CPU
		Release|x64 = Release|x64
		Release|x86 = Release|x86
	EndGlobalSection
	GlobalSection(ProjectConfigurationPlatforms) = postSolution
		{7A187525-5E5B-458F-AF5B-C2F5B84C02D4}.Debug|Any CPU.ActiveCfg = Debug|Any CPU
		{7A187525-5E5B-458F-AF5B-C2F5B84C02D4}.Debug|Any CPU.Build.0 = Debug|Any CPU
		{7A187525-5E5B-458F-AF5B-C2F5B84C02D4}.Debug|x64.ActiveCfg = Debug|Any CPU
		{7A187525-5E5B-458F-AF5B-C2F5B84C02D4}.Debug|x64.Build.0 = Debug|Any CPU
		{7A187525-5E5B-458F-AF5B-C2F5B84C02D4}.Debug|x86.ActiveCfg = Debug|Any CPU
		{7A187525-5E5B-458F-AF5B-C2F5B84C02D4}.Debug|x86.Build.0 = Debug|Any CPU
		{7A187525-5E5B-458F-AF5B-C2F5B84C02D4}.Release|Any CPU.ActiveCfg = Release|Any CPU
		{7A187525-5E5B-458F-AF5B-C2F5B84C02D4}.Release|Any CPU.Build.0 = Release|Any CPU
		{7A187525-5E5B-458F-AF5B-C2F5B84C02D4}.Release|x64.ActiveCfg = Release|Any CPU
		{7A187525-5E5B-458F-AF5B-C2F5B84C02D4}.Release|x64.Build.0 = Release|Any CPU
		{7A187525-5E5B-458F-AF5B-C2F5B84C02D4}.Release|x86.ActiveCfg = Release|Any CPU
		{7A187525-5E5B-458F-AF5B-C2F5B84C02D4}.Release|x86.Build.0 = Release|Any CPU
		{2C6C651F-99D1-44A6-AE0C-EE259857B975}.Debug|Any CPU.ActiveCfg = Debug|Any CPU
		{2C6C651F-99D1-44A6-AE0C-EE259857B975}.Debug|Any CPU.Build.0 = Debug|Any CPU
		{2C6C651F-99D1-44A6-AE0C-EE259857B975}.Debug|x64.ActiveCfg = Debug|Any CPU
		{2C6C651F-99D1-44A6-AE0C-EE259857B975}.Debug|x64.Build.0 = Debug|Any CPU
		{2C6C651F-99D1-44A6-AE0C-EE259857B975}.Debug|x86.ActiveCfg = Debug|Any CPU
		{2C6C651F-99D1-44A6-AE0C-EE259857B975}.Debug|x86.Build.0 = Debug|Any CPU
		{2C6C651F-99D1-44A6-AE0C-EE259857B975}.Release|Any CPU.ActiveCfg = Release|Any CPU
		{2C6C651F-99D1-44A6-AE0C-EE259857B975}.Release|Any CPU.Build.0 = Release|Any CPU
		{2C6C651F-99D1-44A6-AE0C-EE259857B975}.Release|x64.ActiveCfg = Release|Any CPU
		{2C6C651F-99D1-44A6-AE0C-EE259857B975}.Release|x64.Build.0 = Release|Any CPU
		{2C6C651F-99D1-44A6-AE0C-EE259857B975}.Release|x86.ActiveCfg = Release|Any CPU
		{2C6C651F-99D1-44A6-AE0C-EE259857B975}.Release|x86.Build.0 = Release|Any CPU
		{6956BC1B-D9C6-4E34-910B-D8F195A768BA}.Debug|Any CPU.ActiveCfg = Debug|Any CPU
		{6956BC1B-D9C6-4E34-910B-D8F195A768BA}.Debug|Any CPU.Build.0 = Debug|Any CPU
		{6956BC1B-D9C6-4E34-910B-D8F195A768BA}.Debug|x64.ActiveCfg = Debug|Any CPU
		{6956BC1B-D9C6-4E34-910B-D8F195A768BA}.Debug|x64.Build.0 = Debug|Any CPU
		{6956BC1B-D9C6-4E34-910B-D8F195A768BA}.Debug|x86.ActiveCfg = Debug|Any CPU
		{6956BC1B-D9C6-4E34-910B-D8F195A768BA}.Debug|x86.Build.0 = Debug|Any CPU
		{6956BC1B-D9C6-4E34-910B-D8F195A768BA}.Release|Any CPU.ActiveCfg = Release|Any CPU
		{6956BC1B-D9C6-4E34-910B-D8F195A768BA}.Release|Any CPU.Build.0 = Release|Any CPU
		{6956BC1B-D9C6-4E34-910B-D8F195A768BA}.Release|x64.ActiveCfg = Release|Any CPU
		{6956BC1B-D9C6-4E34-910B-D8F195A768BA}.Release|x64.Build.0 = Release|Any CPU
		{6956BC1B-D9C6-4E34-910B-D8F195A768BA}.Release|x86.ActiveCfg = Release|Any CPU
		{6956BC1B-D9C6-4E34-910B-D8F195A768BA}.Release|x86.Build.0 = Release|Any CPU
		{1188CD03-B024-4C68-BD3F-527B209F90C4}.Debug|Any CPU.ActiveCfg = Debug|Any CPU
		{1188CD03-B024-4C68-BD3F-527B209F90C4}.Debug|Any CPU.Build.0 = Debug|Any CPU
		{1188CD03-B024-4C68-BD3F-527B209F90C4}.Debug|x64.ActiveCfg = Debug|Any CPU
		{1188CD03-B024-4C68-BD3F-527B209F90C4}.Debug|x64.Build.0 = Debug|Any CPU
		{1188CD03-B024-4C68-BD3F-527B209F90C4}.Debug|x86.ActiveCfg = Debug|Any CPU
		{1188CD03-B024-4C68-BD3F-527B209F90C4}.Debug|x86.Build.0 = Debug|Any CPU
		{1188CD03-B024-4C68-BD3F-527B209F90C4}.Release|Any CPU.ActiveCfg = Release|Any CPU
		{1188CD03-B024-4C68-BD3F-527B209F90C4}.Release|Any CPU.Build.0 = Release|Any CPU
		{1188CD03-B024-4C68-BD3F-527B209F90C4}.Release|x64.ActiveCfg = Release|Any CPU
		{1188CD03-B024-4C68-BD3F-527B209F90C4}.Release|x64.Build.0 = Release|Any CPU
		{1188CD03-B024-4C68-BD3F-527B209F90C4}.Release|x86.ActiveCfg = Release|Any CPU
		{1188CD03-B024-4C68-BD3F-527B209F90C4}.Release|x86.Build.0 = Release|Any CPU
		{459874AE-DD66-4111-851A-9A50967970FB}.Debug|Any CPU.ActiveCfg = Debug|Any CPU
		{459874AE-DD66-4111-851A-9A50967970FB}.Debug|Any CPU.Build.0 = Debug|Any CPU
		{459874AE-DD66-4111-851A-9A50967970FB}.Debug|x64.ActiveCfg = Debug|Any CPU
		{459874AE-DD66-4111-851A-9A50967970FB}.Debug|x64.Build.0 = Debug|Any CPU
		{459874AE-DD66-4111-851A-9A50967970FB}.Debug|x86.ActiveCfg = Debug|Any CPU
		{459874AE-DD66-4111-851A-9A50967970FB}.Debug|x86.Build.0 = Debug|Any CPU
		{459874AE-DD66-4111-851A-9A50967970FB}.Release|Any CPU.ActiveCfg = Release|Any CPU
		{459874AE-DD66-4111-851A-9A50967970FB}.Release|Any CPU.Build.0 = Release|Any CPU
		{459874AE-DD66-4111-851A-9A50967970FB}.Release|x64.ActiveCfg = Release|Any CPU
		{459874AE-DD66-4111-851A-9A50967970FB}.Release|x64.Build.0 = Release|Any CPU
		{459874AE-DD66-4111-851A-9A50967970FB}.Release|x86.ActiveCfg = Release|Any CPU
		{459874AE-DD66-4111-851A-9A50967970FB}.Release|x86.Build.0 = Release|Any CPU
		{03F0BA9F-E7AC-454E-87D3-0266A38079D3}.Debug|Any CPU.ActiveCfg = Debug|Any CPU
		{03F0BA9F-E7AC-454E-87D3-0266A38079D3}.Debug|Any CPU.Build.0 = Debug|Any CPU
		{03F0BA9F-E7AC-454E-87D3-0266A38079D3}.Debug|x64.ActiveCfg = Debug|Any CPU
		{03F0BA9F-E7AC-454E-87D3-0266A38079D3}.Debug|x64.Build.0 = Debug|Any CPU
		{03F0BA9F-E7AC-454E-87D3-0266A38079D3}.Debug|x86.ActiveCfg = Debug|Any CPU
		{03F0BA9F-E7AC-454E-87D3-0266A38079D3}.Debug|x86.Build.0 = Debug|Any CPU
		{03F0BA9F-E7AC-454E-87D3-0266A38079D3}.Release|Any CPU.ActiveCfg = Release|Any CPU
		{03F0BA9F-E7AC-454E-87D3-0266A38079D3}.Release|Any CPU.Build.0 = Release|Any CPU
		{03F0BA9F-E7AC-454E-87D3-0266A38079D3}.Release|x64.ActiveCfg = Release|Any CPU
		{03F0BA9F-E7AC-454E-87D3-0266A38079D3}.Release|x64.Build.0 = Release|Any CPU
		{03F0BA9F-E7AC-454E-87D3-0266A38079D3}.Release|x86.ActiveCfg = Release|Any CPU
		{03F0BA9F-E7AC-454E-87D3-0266A38079D3}.Release|x86.Build.0 = Release|Any CPU
		{D5EC1554-E1C3-41DE-9057-BC1AE9F5FF26}.Debug|Any CPU.ActiveCfg = Debug|Any CPU
		{D5EC1554-E1C3-41DE-9057-BC1AE9F5FF26}.Debug|Any CPU.Build.0 = Debug|Any CPU
		{D5EC1554-E1C3-41DE-9057-BC1AE9F5FF26}.Debug|x64.ActiveCfg = Debug|Any CPU
		{D5EC1554-E1C3-41DE-9057-BC1AE9F5FF26}.Debug|x64.Build.0 = Debug|Any CPU
		{D5EC1554-E1C3-41DE-9057-BC1AE9F5FF26}.Debug|x86.ActiveCfg = Debug|Any CPU
		{D5EC1554-E1C3-41DE-9057-BC1AE9F5FF26}.Debug|x86.Build.0 = Debug|Any CPU
		{D5EC1554-E1C3-41DE-9057-BC1AE9F5FF26}.Release|Any CPU.ActiveCfg = Release|Any CPU
		{D5EC1554-E1C3-41DE-9057-BC1AE9F5FF26}.Release|Any CPU.Build.0 = Release|Any CPU
		{D5EC1554-E1C3-41DE-9057-BC1AE9F5FF26}.Release|x64.ActiveCfg = Release|Any CPU
		{D5EC1554-E1C3-41DE-9057-BC1AE9F5FF26}.Release|x64.Build.0 = Release|Any CPU
		{D5EC1554-E1C3-41DE-9057-BC1AE9F5FF26}.Release|x86.ActiveCfg = Release|Any CPU
		{D5EC1554-E1C3-41DE-9057-BC1AE9F5FF26}.Release|x86.Build.0 = Release|Any CPU
		{E52033BF-B39A-465E-9A3D-9CB067C1A8A6}.Debug|Any CPU.ActiveCfg = Debug|Any CPU
		{E52033BF-B39A-465E-9A3D-9CB067C1A8A6}.Debug|Any CPU.Build.0 = Debug|Any CPU
		{E52033BF-B39A-465E-9A3D-9CB067C1A8A6}.Debug|x64.ActiveCfg = Debug|Any CPU
		{E52033BF-B39A-465E-9A3D-9CB067C1A8A6}.Debug|x64.Build.0 = Debug|Any CPU
		{E52033BF-B39A-465E-9A3D-9CB067C1A8A6}.Debug|x86.ActiveCfg = Debug|Any CPU
		{E52033BF-B39A-465E-9A3D-9CB067C1A8A6}.Debug|x86.Build.0 = Debug|Any CPU
		{E52033BF-B39A-465E-9A3D-9CB067C1A8A6}.Release|Any CPU.ActiveCfg = Release|Any CPU
		{E52033BF-B39A-465E-9A3D-9CB067C1A8A6}.Release|Any CPU.Build.0 = Release|Any CPU
		{E52033BF-B39A-465E-9A3D-9CB067C1A8A6}.Release|x64.ActiveCfg = Release|Any CPU
		{E52033BF-B39A-465E-9A3D-9CB067C1A8A6}.Release|x64.Build.0 = Release|Any CPU
		{E52033BF-B39A-465E-9A3D-9CB067C1A8A6}.Release|x86.ActiveCfg = Release|Any CPU
		{E52033BF-B39A-465E-9A3D-9CB067C1A8A6}.Release|x86.Build.0 = Release|Any CPU
		{2FD4875D-5B30-4537-B59B-D6B07C239189}.Debug|Any CPU.ActiveCfg = Debug|Any CPU
		{2FD4875D-5B30-4537-B59B-D6B07C239189}.Debug|Any CPU.Build.0 = Debug|Any CPU
		{2FD4875D-5B30-4537-B59B-D6B07C239189}.Debug|x64.ActiveCfg = Debug|Any CPU
		{2FD4875D-5B30-4537-B59B-D6B07C239189}.Debug|x64.Build.0 = Debug|Any CPU
		{2FD4875D-5B30-4537-B59B-D6B07C239189}.Debug|x86.ActiveCfg = Debug|Any CPU
		{2FD4875D-5B30-4537-B59B-D6B07C239189}.Debug|x86.Build.0 = Debug|Any CPU
		{2FD4875D-5B30-4537-B59B-D6B07C239189}.Release|Any CPU.ActiveCfg = Release|Any CPU
		{2FD4875D-5B30-4537-B59B-D6B07C239189}.Release|Any CPU.Build.0 = Release|Any CPU
		{2FD4875D-5B30-4537-B59B-D6B07C239189}.Release|x64.ActiveCfg = Release|Any CPU
		{2FD4875D-5B30-4537-B59B-D6B07C239189}.Release|x64.Build.0 = Release|Any CPU
		{2FD4875D-5B30-4537-B59B-D6B07C239189}.Release|x86.ActiveCfg = Release|Any CPU
		{2FD4875D-5B30-4537-B59B-D6B07C239189}.Release|x86.Build.0 = Release|Any CPU
		{3E6D5D8E-B45F-4BFD-BD52-26FE35955CB1}.Debug|Any CPU.ActiveCfg = Debug|Any CPU
		{3E6D5D8E-B45F-4BFD-BD52-26FE35955CB1}.Debug|Any CPU.Build.0 = Debug|Any CPU
		{3E6D5D8E-B45F-4BFD-BD52-26FE35955CB1}.Debug|x64.ActiveCfg = Debug|Any CPU
		{3E6D5D8E-B45F-4BFD-BD52-26FE35955CB1}.Debug|x64.Build.0 = Debug|Any CPU
		{3E6D5D8E-B45F-4BFD-BD52-26FE35955CB1}.Debug|x86.ActiveCfg = Debug|Any CPU
		{3E6D5D8E-B45F-4BFD-BD52-26FE35955CB1}.Debug|x86.Build.0 = Debug|Any CPU
		{3E6D5D8E-B45F-4BFD-BD52-26FE35955CB1}.Release|Any CPU.ActiveCfg = Release|Any CPU
		{3E6D5D8E-B45F-4BFD-BD52-26FE35955CB1}.Release|Any CPU.Build.0 = Release|Any CPU
		{3E6D5D8E-B45F-4BFD-BD52-26FE35955CB1}.Release|x64.ActiveCfg = Release|Any CPU
		{3E6D5D8E-B45F-4BFD-BD52-26FE35955CB1}.Release|x64.Build.0 = Release|Any CPU
		{3E6D5D8E-B45F-4BFD-BD52-26FE35955CB1}.Release|x86.ActiveCfg = Release|Any CPU
		{3E6D5D8E-B45F-4BFD-BD52-26FE35955CB1}.Release|x86.Build.0 = Release|Any CPU
		{2010348A-C267-4078-B114-B759DA7F7C98}.Debug|Any CPU.ActiveCfg = Debug|Any CPU
		{2010348A-C267-4078-B114-B759DA7F7C98}.Debug|Any CPU.Build.0 = Debug|Any CPU
		{2010348A-C267-4078-B114-B759DA7F7C98}.Debug|x64.ActiveCfg = Debug|Any CPU
		{2010348A-C267-4078-B114-B759DA7F7C98}.Debug|x64.Build.0 = Debug|Any CPU
		{2010348A-C267-4078-B114-B759DA7F7C98}.Debug|x86.ActiveCfg = Debug|Any CPU
		{2010348A-C267-4078-B114-B759DA7F7C98}.Debug|x86.Build.0 = Debug|Any CPU
		{2010348A-C267-4078-B114-B759DA7F7C98}.Release|Any CPU.ActiveCfg = Release|Any CPU
		{2010348A-C267-4078-B114-B759DA7F7C98}.Release|Any CPU.Build.0 = Release|Any CPU
		{2010348A-C267-4078-B114-B759DA7F7C98}.Release|x64.ActiveCfg = Release|Any CPU
		{2010348A-C267-4078-B114-B759DA7F7C98}.Release|x64.Build.0 = Release|Any CPU
		{2010348A-C267-4078-B114-B759DA7F7C98}.Release|x86.ActiveCfg = Release|Any CPU
		{2010348A-C267-4078-B114-B759DA7F7C98}.Release|x86.Build.0 = Release|Any CPU
	EndGlobalSection
	GlobalSection(SolutionProperties) = preSolution
		HideSolutionNode = FALSE
	EndGlobalSection
	GlobalSection(NestedProjects) = preSolution
		{7A187525-5E5B-458F-AF5B-C2F5B84C02D4} = {827E0CD3-B72D-47B6-A68D-7590B98EB39B}
		{2C6C651F-99D1-44A6-AE0C-EE259857B975} = {827E0CD3-B72D-47B6-A68D-7590B98EB39B}
		{6956BC1B-D9C6-4E34-910B-D8F195A768BA} = {827E0CD3-B72D-47B6-A68D-7590B98EB39B}
		{1188CD03-B024-4C68-BD3F-527B209F90C4} = {827E0CD3-B72D-47B6-A68D-7590B98EB39B}
		{459874AE-DD66-4111-851A-9A50967970FB} = {0AB3BF05-4346-4AA6-1389-037BE0695223}
		{03F0BA9F-E7AC-454E-87D3-0266A38079D3} = {0AB3BF05-4346-4AA6-1389-037BE0695223}
		{D5EC1554-E1C3-41DE-9057-BC1AE9F5FF26} = {0AB3BF05-4346-4AA6-1389-037BE0695223}
		{E52033BF-B39A-465E-9A3D-9CB067C1A8A6} = {0AB3BF05-4346-4AA6-1389-037BE0695223}
		{2FD4875D-5B30-4537-B59B-D6B07C239189} = {827E0CD3-B72D-47B6-A68D-7590B98EB39B}
		{3E6D5D8E-B45F-4BFD-BD52-26FE35955CB1} = {827E0CD3-B72D-47B6-A68D-7590B98EB39B}
		{2010348A-C267-4078-B114-B759DA7F7C98} = {0AB3BF05-4346-4AA6-1389-037BE0695223}
	EndGlobalSection
EndGlobal
